
Microsoft Visual Studio Solution File, Format Version 12.00
# Visual Studio Version 17
VisualStudioVersion = 17.3.32901.215
MinimumVisualStudioVersion = 10.0.40219.1
Project("{FAE04EC0-301F-11D3-BF4B-00C04F79EFBC}") = "BinaryTree", "BinaryTree\BinaryTree.csproj", "{C78A991D-2FB0-4DCB-A547-67807492777F}"
EndProject
Global
	GlobalSection(SolutionConfigurationPlatforms) = preSolution
		Debug|Any CPU = Debug|Any CPU
		Release|Any CPU = Release|Any CPU
	EndGlobalSection
	GlobalSection(ProjectConfigurationPlatforms) = postSolution
		{C78A991D-2FB0-4DCB-A547-67807492777F}.Debug|Any CPU.ActiveCfg = Debug|Any CPU
		{C78A991D-2FB0-4DCB-A547-67807492777F}.Debug|Any CPU.Build.0 = Debug|Any CPU
		{C78A991D-2FB0-4DCB-A547-67807492777F}.Release|Any CPU.ActiveCfg = Release|Any CPU
		{C78A991D-2FB0-4DCB-A547-67807492777F}.Release|Any CPU.Build.0 = Release|Any CPU
	EndGlobalSection
	GlobalSection(SolutionProperties) = preSolution
		HideSolutionNode = FALSE
	EndGlobalSection
	GlobalSection(ExtensibilityGlobals) = postSolution
		SolutionGuid = {8AD68C52-BED7-4EC9-B306-ADC6F5871700}
	EndGlobalSection
EndGlobal
